
Microsoft Visual Studio Solution File, Format Version 12.00
# Visual Studio Version 17
VisualStudioVersion = 17.7.34031.279
MinimumVisualStudioVersion = 10.0.40219.1
Project("{9A19103F-16F7-4668-BE54-9A1E7A4F7556}") = "maitedesmet", "maitedesmet\maitedesmet.csproj", "{DF758007-99E7-4306-9E72-E27497526C76}"
EndProject
Project("{9A19103F-16F7-4668-BE54-9A1E7A4F7556}") = "D01", "D01\D01.csproj", "{9A9C78E2-7822-4034-8F43-6A0AFFF8E87A}"
EndProject
Project("{9A19103F-16F7-4668-BE54-9A1E7A4F7556}") = "D04", "D04\D04.csproj", "{7E734F4F-6AC7-4E1C-9DB7-4139C3A2FA27}"
EndProject
Project("{9A19103F-16F7-4668-BE54-9A1E7A4F7556}") = "D02", "D02\D02.csproj", "{13BE28D7-F125-44E8-A3A7-A3F84576F9DC}"
EndProject
Project("{9A19103F-16F7-4668-BE54-9A1E7A4F7556}") = "D03", "D03\D03.csproj", "{623A64B4-9B0D-438B-8362-FF48011BDB66}"
EndProject
Project("{9A19103F-16F7-4668-BE54-9A1E7A4F7556}") = "D05", "D05\D05.csproj", "{62A7CD43-9DAC-467A-BA4A-C24357B9F86A}"
EndProject
Project("{9A19103F-16F7-4668-BE54-9A1E7A4F7556}") = "D06", "D06\D06.csproj", "{CFC60923-EA1A-47D0-9A54-A4A82C0AFC1E}"
EndProject
Project("{9A19103F-16F7-4668-BE54-9A1E7A4F7556}") = "D07", "D07\D07.csproj", "{95073719-A508-4CD3-AB1E-6CCC9DC77D90}"
EndProject
Project("{9A19103F-16F7-4668-BE54-9A1E7A4F7556}") = "gfx1", "gfx1\gfx1.csproj", "{02655D51-4569-4643-B043-4146F308F8C1}"
EndProject
Project("{9A19103F-16F7-4668-BE54-9A1E7A4F7556}") = "D08", "D08\D08.csproj", "{79343D20-3E1B-4C90-A646-6BB43FF3D1A9}"
EndProject
Project("{9A19103F-16F7-4668-BE54-9A1E7A4F7556}") = "D09", "D09\D09.csproj", "{5D3DB74D-3021-45E9-B570-AB913569E0E2}"
EndProject
Project("{9A19103F-16F7-4668-BE54-9A1E7A4F7556}") = "test2", "test2\test2.csproj", "{B9433142-69DA-4561-9CA9-0FAA26C11116}"
EndProject
Project("{9A19103F-16F7-4668-BE54-9A1E7A4F7556}") = "D10", "D10\D10.csproj", "{4FBC4243-1D04-4E75-A391-F9351D8924DF}"
EndProject
Project("{9A19103F-16F7-4668-BE54-9A1E7A4F7556}") = "D11", "D11\D11.csproj", "{EE49FED3-5FCA-4F89-9519-BAA09E82F8F9}"
EndProject
Project("{9A19103F-16F7-4668-BE54-9A1E7A4F7556}") = "D12", "D12\D12.csproj", "{A1A483C8-2016-402F-B6CE-7CF32F9BF8E8}"
EndProject
Project("{9A19103F-16F7-4668-BE54-9A1E7A4F7556}") = "test3", "test3\test3.csproj", "{C80EE083-975B-4639-AC40-3243369BEBE2}"
EndProject
Project("{9A19103F-16F7-4668-BE54-9A1E7A4F7556}") = "D13", "D13\D13.csproj", "{10A3D1E2-1FE7-4B23-8662-F714D29821DC}"
EndProject
Project("{FAE04EC0-301F-11D3-BF4B-00C04F79EFBC}") = "D14", "D14\D14.csproj", "{E3931E8D-2EA7-48B8-B225-3450641F57C3}"
EndProject
Global
	GlobalSection(SolutionConfigurationPlatforms) = preSolution
		Debug|Any CPU = Debug|Any CPU
		Release|Any CPU = Release|Any CPU
	EndGlobalSection
	GlobalSection(ProjectConfigurationPlatforms) = postSolution
		{DF758007-99E7-4306-9E72-E27497526C76}.Debug|Any CPU.ActiveCfg = Debug|Any CPU
		{DF758007-99E7-4306-9E72-E27497526C76}.Debug|Any CPU.Build.0 = Debug|Any CPU
		{DF758007-99E7-4306-9E72-E27497526C76}.Release|Any CPU.ActiveCfg = Release|Any CPU
		{DF758007-99E7-4306-9E72-E27497526C76}.Release|Any CPU.Build.0 = Release|Any CPU
		{9A9C78E2-7822-4034-8F43-6A0AFFF8E87A}.Debug|Any CPU.ActiveCfg = Debug|Any CPU
		{9A9C78E2-7822-4034-8F43-6A0AFFF8E87A}.Debug|Any CPU.Build.0 = Debug|Any CPU
		{9A9C78E2-7822-4034-8F43-6A0AFFF8E87A}.Release|Any CPU.ActiveCfg = Release|Any CPU
		{9A9C78E2-7822-4034-8F43-6A0AFFF8E87A}.Release|Any CPU.Build.0 = Release|Any CPU
		{7E734F4F-6AC7-4E1C-9DB7-4139C3A2FA27}.Debug|Any CPU.ActiveCfg = Debug|Any CPU
		{7E734F4F-6AC7-4E1C-9DB7-4139C3A2FA27}.Debug|Any CPU.Build.0 = Debug|Any CPU
		{7E734F4F-6AC7-4E1C-9DB7-4139C3A2FA27}.Release|Any CPU.ActiveCfg = Release|Any CPU
		{7E734F4F-6AC7-4E1C-9DB7-4139C3A2FA27}.Release|Any CPU.Build.0 = Release|Any CPU
		{13BE28D7-F125-44E8-A3A7-A3F84576F9DC}.Debug|Any CPU.ActiveCfg = Debug|Any CPU
		{13BE28D7-F125-44E8-A3A7-A3F84576F9DC}.Debug|Any CPU.Build.0 = Debug|Any CPU
		{13BE28D7-F125-44E8-A3A7-A3F84576F9DC}.Release|Any CPU.ActiveCfg = Release|Any CPU
		{13BE28D7-F125-44E8-A3A7-A3F84576F9DC}.Release|Any CPU.Build.0 = Release|Any CPU
		{623A64B4-9B0D-438B-8362-FF48011BDB66}.Debug|Any CPU.ActiveCfg = Debug|Any CPU
		{623A64B4-9B0D-438B-8362-FF48011BDB66}.Debug|Any CPU.Build.0 = Debug|Any CPU
		{623A64B4-9B0D-438B-8362-FF48011BDB66}.Release|Any CPU.ActiveCfg = Release|Any CPU
		{623A64B4-9B0D-438B-8362-FF48011BDB66}.Release|Any CPU.Build.0 = Release|Any CPU
		{62A7CD43-9DAC-467A-BA4A-C24357B9F86A}.Debug|Any CPU.ActiveCfg = Debug|Any CPU
		{62A7CD43-9DAC-467A-BA4A-C24357B9F86A}.Debug|Any CPU.Build.0 = Debug|Any CPU
		{62A7CD43-9DAC-467A-BA4A-C24357B9F86A}.Release|Any CPU.ActiveCfg = Release|Any CPU
		{62A7CD43-9DAC-467A-BA4A-C24357B9F86A}.Release|Any CPU.Build.0 = Release|Any CPU
		{CFC60923-EA1A-47D0-9A54-A4A82C0AFC1E}.Debug|Any CPU.ActiveCfg = Debug|Any CPU
		{CFC60923-EA1A-47D0-9A54-A4A82C0AFC1E}.Debug|Any CPU.Build.0 = Debug|Any CPU
		{CFC60923-EA1A-47D0-9A54-A4A82C0AFC1E}.Release|Any CPU.ActiveCfg = Release|Any CPU
		{CFC60923-EA1A-47D0-9A54-A4A82C0AFC1E}.Release|Any CPU.Build.0 = Release|Any CPU
		{95073719-A508-4CD3-AB1E-6CCC9DC77D90}.Debug|Any CPU.ActiveCfg = Debug|Any CPU
		{95073719-A508-4CD3-AB1E-6CCC9DC77D90}.Debug|Any CPU.Build.0 = Debug|Any CPU
		{95073719-A508-4CD3-AB1E-6CCC9DC77D90}.Release|Any CPU.ActiveCfg = Release|Any CPU
		{95073719-A508-4CD3-AB1E-6CCC9DC77D90}.Release|Any CPU.Build.0 = Release|Any CPU
		{02655D51-4569-4643-B043-4146F308F8C1}.Debug|Any CPU.ActiveCfg = Debug|Any CPU
		{02655D51-4569-4643-B043-4146F308F8C1}.Debug|Any CPU.Build.0 = Debug|Any CPU
		{02655D51-4569-4643-B043-4146F308F8C1}.Release|Any CPU.ActiveCfg = Release|Any CPU
		{02655D51-4569-4643-B043-4146F308F8C1}.Release|Any CPU.Build.0 = Release|Any CPU
		{79343D20-3E1B-4C90-A646-6BB43FF3D1A9}.Debug|Any CPU.ActiveCfg = Debug|Any CPU
		{79343D20-3E1B-4C90-A646-6BB43FF3D1A9}.Debug|Any CPU.Build.0 = Debug|Any CPU
		{79343D20-3E1B-4C90-A646-6BB43FF3D1A9}.Release|Any CPU.ActiveCfg = Release|Any CPU
		{79343D20-3E1B-4C90-A646-6BB43FF3D1A9}.Release|Any CPU.Build.0 = Release|Any CPU
		{5D3DB74D-3021-45E9-B570-AB913569E0E2}.Debug|Any CPU.ActiveCfg = Debug|Any CPU
		{5D3DB74D-3021-45E9-B570-AB913569E0E2}.Debug|Any CPU.Build.0 = Debug|Any CPU
		{5D3DB74D-3021-45E9-B570-AB913569E0E2}.Release|Any CPU.ActiveCfg = Release|Any CPU
		{5D3DB74D-3021-45E9-B570-AB913569E0E2}.Release|Any CPU.Build.0 = Release|Any CPU
		{B9433142-69DA-4561-9CA9-0FAA26C11116}.Debug|Any CPU.ActiveCfg = Debug|Any CPU
		{B9433142-69DA-4561-9CA9-0FAA26C11116}.Debug|Any CPU.Build.0 = Debug|Any CPU
		{B9433142-69DA-4561-9CA9-0FAA26C11116}.Release|Any CPU.ActiveCfg = Release|Any CPU
		{B9433142-69DA-4561-9CA9-0FAA26C11116}.Release|Any CPU.Build.0 = Release|Any CPU
		{4FBC4243-1D04-4E75-A391-F9351D8924DF}.Debug|Any CPU.ActiveCfg = Debug|Any CPU
		{4FBC4243-1D04-4E75-A391-F9351D8924DF}.Debug|Any CPU.Build.0 = Debug|Any CPU
		{4FBC4243-1D04-4E75-A391-F9351D8924DF}.Release|Any CPU.ActiveCfg = Release|Any CPU
		{4FBC4243-1D04-4E75-A391-F9351D8924DF}.Release|Any CPU.Build.0 = Release|Any CPU
		{EE49FED3-5FCA-4F89-9519-BAA09E82F8F9}.Debug|Any CPU.ActiveCfg = Debug|Any CPU
		{EE49FED3-5FCA-4F89-9519-BAA09E82F8F9}.Debug|Any CPU.Build.0 = Debug|Any CPU
		{EE49FED3-5FCA-4F89-9519-BAA09E82F8F9}.Release|Any CPU.ActiveCfg = Release|Any CPU
		{EE49FED3-5FCA-4F89-9519-BAA09E82F8F9}.Release|Any CPU.Build.0 = Release|Any CPU
		{A1A483C8-2016-402F-B6CE-7CF32F9BF8E8}.Debug|Any CPU.ActiveCfg = Debug|Any CPU
		{A1A483C8-2016-402F-B6CE-7CF32F9BF8E8}.Debug|Any CPU.Build.0 = Debug|Any CPU
		{A1A483C8-2016-402F-B6CE-7CF32F9BF8E8}.Release|Any CPU.ActiveCfg = Release|Any CPU
		{A1A483C8-2016-402F-B6CE-7CF32F9BF8E8}.Release|Any CPU.Build.0 = Release|Any CPU
		{C80EE083-975B-4639-AC40-3243369BEBE2}.Debug|Any CPU.ActiveCfg = Debug|Any CPU
		{C80EE083-975B-4639-AC40-3243369BEBE2}.Debug|Any CPU.Build.0 = Debug|Any CPU
		{C80EE083-975B-4639-AC40-3243369BEBE2}.Release|Any CPU.ActiveCfg = Release|Any CPU
		{C80EE083-975B-4639-AC40-3243369BEBE2}.Release|Any CPU.Build.0 = Release|Any CPU
		{10A3D1E2-1FE7-4B23-8662-F714D29821DC}.Debug|Any CPU.ActiveCfg = Debug|Any CPU
		{10A3D1E2-1FE7-4B23-8662-F714D29821DC}.Debug|Any CPU.Build.0 = Debug|Any CPU
		{10A3D1E2-1FE7-4B23-8662-F714D29821DC}.Release|Any CPU.ActiveCfg = Release|Any CPU
		{10A3D1E2-1FE7-4B23-8662-F714D29821DC}.Release|Any CPU.Build.0 = Release|Any CPU
		{E3931E8D-2EA7-48B8-B225-3450641F57C3}.Debug|Any CPU.ActiveCfg = Debug|Any CPU
		{E3931E8D-2EA7-48B8-B225-3450641F57C3}.Debug|Any CPU.Build.0 = Debug|Any CPU
		{E3931E8D-2EA7-48B8-B225-3450641F57C3}.Release|Any CPU.ActiveCfg = Release|Any CPU
		{E3931E8D-2EA7-48B8-B225-3450641F57C3}.Release|Any CPU.Build.0 = Release|Any CPU
	EndGlobalSection
	GlobalSection(SolutionProperties) = preSolution
		HideSolutionNode = FALSE
	EndGlobalSection
	GlobalSection(ExtensibilityGlobals) = postSolution
		SolutionGuid = {4ECF1BB1-6F02-4A9E-B16A-158339A8555B}
	EndGlobalSection
EndGlobal
