
Microsoft Visual Studio Solution File, Format Version 12.00
# Visual Studio Version 17
VisualStudioVersion = 17.9.34728.123
MinimumVisualStudioVersion = 10.0.40219.1
Project("{9A19103F-16F7-4668-BE54-9A1E7A4F7556}") = "Northwindmapje", "Northwindmapje.csproj", "{0073A104-78C8-4994-9A86-45D40A477CA6}"
EndProject
Global
	GlobalSection(SolutionConfigurationPlatforms) = preSolution
		Debug|Any CPU = Debug|Any CPU
		Release|Any CPU = Release|Any CPU
	EndGlobalSection
	GlobalSection(ProjectConfigurationPlatforms) = postSolution
		{0073A104-78C8-4994-9A86-45D40A477CA6}.Debug|Any CPU.ActiveCfg = Debug|Any CPU
		{0073A104-78C8-4994-9A86-45D40A477CA6}.Debug|Any CPU.Build.0 = Debug|Any CPU
		{0073A104-78C8-4994-9A86-45D40A477CA6}.Release|Any CPU.ActiveCfg = Release|Any CPU
		{0073A104-78C8-4994-9A86-45D40A477CA6}.Release|Any CPU.Build.0 = Release|Any CPU
	EndGlobalSection
	GlobalSection(SolutionProperties) = preSolution
		HideSolutionNode = FALSE
	EndGlobalSection
	GlobalSection(ExtensibilityGlobals) = postSolution
		SolutionGuid = {407ACAB3-957E-49CD-B5F4-D7FDCB4CB0DF}
	EndGlobalSection
EndGlobal
