
Microsoft Visual Studio Solution File, Format Version 12.00
# Visual Studio Version 17
VisualStudioVersion = 17.9.34728.123
MinimumVisualStudioVersion = 10.0.40219.1
Project("{9A19103F-16F7-4668-BE54-9A1E7A4F7556}") = "StripsDL", "Strips\StripsDL.csproj", "{F7EBAD73-1F0A-4981-9690-CF35C0310E65}"
EndProject
Project("{9A19103F-16F7-4668-BE54-9A1E7A4F7556}") = "StripsBL", "StripsBL\StripsBL.csproj", "{296F0AA7-974D-4372-913A-E319CF2D7278}"
EndProject
Project("{9A19103F-16F7-4668-BE54-9A1E7A4F7556}") = "REST", "REST\REST.csproj", "{9308D7AE-5019-4441-8941-6939299BD3E0}"
EndProject
Project("{2150E333-8FDC-42A3-9474-1A3956D46DE8}") = "Clients", "Clients", "{2D189C38-A4EC-4540-9AB3-25AFC96C5EC3}"
EndProject
Project("{FAE04EC0-301F-11D3-BF4B-00C04F79EFBC}") = "StripsClientWPFStripView", "StripsClientWPFStripView\StripsClientWPFStripView.csproj", "{837E75BC-5FA9-43FE-9EEB-68300D1E3124}"
EndProject
Global
	GlobalSection(SolutionConfigurationPlatforms) = preSolution
		Debug|Any CPU = Debug|Any CPU
		Release|Any CPU = Release|Any CPU
	EndGlobalSection
	GlobalSection(ProjectConfigurationPlatforms) = postSolution
		{F7EBAD73-1F0A-4981-9690-CF35C0310E65}.Debug|Any CPU.ActiveCfg = Debug|Any CPU
		{F7EBAD73-1F0A-4981-9690-CF35C0310E65}.Debug|Any CPU.Build.0 = Debug|Any CPU
		{F7EBAD73-1F0A-4981-9690-CF35C0310E65}.Release|Any CPU.ActiveCfg = Release|Any CPU
		{F7EBAD73-1F0A-4981-9690-CF35C0310E65}.Release|Any CPU.Build.0 = Release|Any CPU
		{296F0AA7-974D-4372-913A-E319CF2D7278}.Debug|Any CPU.ActiveCfg = Debug|Any CPU
		{296F0AA7-974D-4372-913A-E319CF2D7278}.Debug|Any CPU.Build.0 = Debug|Any CPU
		{296F0AA7-974D-4372-913A-E319CF2D7278}.Release|Any CPU.ActiveCfg = Release|Any CPU
		{296F0AA7-974D-4372-913A-E319CF2D7278}.Release|Any CPU.Build.0 = Release|Any CPU
		{9308D7AE-5019-4441-8941-6939299BD3E0}.Debug|Any CPU.ActiveCfg = Debug|Any CPU
		{9308D7AE-5019-4441-8941-6939299BD3E0}.Debug|Any CPU.Build.0 = Debug|Any CPU
		{9308D7AE-5019-4441-8941-6939299BD3E0}.Release|Any CPU.ActiveCfg = Release|Any CPU
		{9308D7AE-5019-4441-8941-6939299BD3E0}.Release|Any CPU.Build.0 = Release|Any CPU
		{837E75BC-5FA9-43FE-9EEB-68300D1E3124}.Debug|Any CPU.ActiveCfg = Debug|Any CPU
		{837E75BC-5FA9-43FE-9EEB-68300D1E3124}.Debug|Any CPU.Build.0 = Debug|Any CPU
		{837E75BC-5FA9-43FE-9EEB-68300D1E3124}.Release|Any CPU.ActiveCfg = Release|Any CPU
		{837E75BC-5FA9-43FE-9EEB-68300D1E3124}.Release|Any CPU.Build.0 = Release|Any CPU
	EndGlobalSection
	GlobalSection(SolutionProperties) = preSolution
		HideSolutionNode = FALSE
	EndGlobalSection
	GlobalSection(NestedProjects) = preSolution
		{837E75BC-5FA9-43FE-9EEB-68300D1E3124} = {2D189C38-A4EC-4540-9AB3-25AFC96C5EC3}
	EndGlobalSection
	GlobalSection(ExtensibilityGlobals) = postSolution
		SolutionGuid = {346C27AF-7CB3-43FB-9DB2-2C793D77104A}
	EndGlobalSection
EndGlobal
